
Microsoft Visual Studio Solution File, Format Version 12.00
# Visual Studio Version 17
VisualStudioVersion = 17.8.34330.188
MinimumVisualStudioVersion = 10.0.40219.1
Project("{9A19103F-16F7-4668-BE54-9A1E7A4F7556}") = "TechHoy.Logger.Service", "services\TechHoy.Logger.Service\TechHoy.Logger.Service.csproj", "{B32289DF-966F-4C90-8ABF-9B59BA4C6B7E}"
EndProject
Project("{2150E333-8FDC-42A3-9474-1A3956D46DE8}") = "services", "services", "{CEE122D9-BB30-4E3C-9C27-58CE9630B948}"
EndProject
Project("{2150E333-8FDC-42A3-9474-1A3956D46DE8}") = "libs", "libs", "{B625C77C-A07C-4D1A-97F9-1242E61C1A5E}"
EndProject
Project("{2150E333-8FDC-42A3-9474-1A3956D46DE8}") = "custom", "custom", "{DC33EDC6-8A03-44EA-B99F-6150EA0A9E01}"
EndProject
Project("{9A19103F-16F7-4668-BE54-9A1E7A4F7556}") = "TechHoy.CustomApplication", "custom\TechHoy.CustomApplication\TechHoy.CustomApplication.csproj", "{3888D435-5465-40BF-86E8-A38B4CC1C54A}"
EndProject
Project("{9A19103F-16F7-4668-BE54-9A1E7A4F7556}") = "TechHoy.MemoryCache.Service", "services\TechHoy.MemoryCache.Service\TechHoy.MemoryCache.Service.csproj", "{D1D4C644-A1AD-4DEC-8466-06EDF3088315}"
EndProject
Project("{9A19103F-16F7-4668-BE54-9A1E7A4F7556}") = "TechHoy.Logging", "libs\TechHoy.Logging\TechHoy.Logging.csproj", "{1A6C5273-4E2B-47AA-BA4E-A7E325CC89D6}"
EndProject
Project("{2150E333-8FDC-42A3-9474-1A3956D46DE8}") = "tests", "tests", "{F8C9655D-8F17-49D2-83A3-4C695A39DDDD}"
EndProject
Project("{9A19103F-16F7-4668-BE54-9A1E7A4F7556}") = "TechHoy.Domain.IODrivers", "libs\TechHoy.Domain.IODrivers\TechHoy.Domain.IODrivers.csproj", "{95819144-9530-4A4B-A1E1-F2FE959EB326}"
EndProject
Project("{2150E333-8FDC-42A3-9474-1A3956D46DE8}") = "IODrivers", "IODrivers", "{580FAC19-36B0-4968-B810-7BAFE695CC52}"
EndProject
Project("{9A19103F-16F7-4668-BE54-9A1E7A4F7556}") = "IODriver.Simulator", "libs\IODrivers\IODriver.Simulator\IODriver.Simulator.csproj", "{8B496B6B-B619-4E77-B820-16E4985B572D}"
EndProject
Project("{9A19103F-16F7-4668-BE54-9A1E7A4F7556}") = "TechHoy.IODriversTest", "tests\TechHoy.IODriversTest\TechHoy.IODriversTest.csproj", "{563A9614-96D5-4312-A084-A98E8DC61226}"
EndProject
Project("{2150E333-8FDC-42A3-9474-1A3956D46DE8}") = "Domain", "Domain", "{89468B83-4426-4320-9E08-4989183BC9AB}"
EndProject
Project("{9A19103F-16F7-4668-BE54-9A1E7A4F7556}") = "IODriver.SQLiteDB", "libs\IODrivers\IODriver.SQLiteDB\IODriver.SQLiteDB.csproj", "{FA84EAA9-577A-43B2-BAAC-E83FDFF7D4B4}"
EndProject
Global
	GlobalSection(SolutionConfigurationPlatforms) = preSolution
		Debug|Any CPU = Debug|Any CPU
		Release|Any CPU = Release|Any CPU
	EndGlobalSection
	GlobalSection(ProjectConfigurationPlatforms) = postSolution
		{B32289DF-966F-4C90-8ABF-9B59BA4C6B7E}.Debug|Any CPU.ActiveCfg = Debug|Any CPU
		{B32289DF-966F-4C90-8ABF-9B59BA4C6B7E}.Debug|Any CPU.Build.0 = Debug|Any CPU
		{B32289DF-966F-4C90-8ABF-9B59BA4C6B7E}.Release|Any CPU.ActiveCfg = Release|Any CPU
		{B32289DF-966F-4C90-8ABF-9B59BA4C6B7E}.Release|Any CPU.Build.0 = Release|Any CPU
		{3888D435-5465-40BF-86E8-A38B4CC1C54A}.Debug|Any CPU.ActiveCfg = Debug|Any CPU
		{3888D435-5465-40BF-86E8-A38B4CC1C54A}.Debug|Any CPU.Build.0 = Debug|Any CPU
		{3888D435-5465-40BF-86E8-A38B4CC1C54A}.Release|Any CPU.ActiveCfg = Release|Any CPU
		{3888D435-5465-40BF-86E8-A38B4CC1C54A}.Release|Any CPU.Build.0 = Release|Any CPU
		{D1D4C644-A1AD-4DEC-8466-06EDF3088315}.Debug|Any CPU.ActiveCfg = Debug|Any CPU
		{D1D4C644-A1AD-4DEC-8466-06EDF3088315}.Debug|Any CPU.Build.0 = Debug|Any CPU
		{D1D4C644-A1AD-4DEC-8466-06EDF3088315}.Release|Any CPU.ActiveCfg = Release|Any CPU
		{D1D4C644-A1AD-4DEC-8466-06EDF3088315}.Release|Any CPU.Build.0 = Release|Any CPU
		{1A6C5273-4E2B-47AA-BA4E-A7E325CC89D6}.Debug|Any CPU.ActiveCfg = Debug|Any CPU
		{1A6C5273-4E2B-47AA-BA4E-A7E325CC89D6}.Debug|Any CPU.Build.0 = Debug|Any CPU
		{1A6C5273-4E2B-47AA-BA4E-A7E325CC89D6}.Release|Any CPU.ActiveCfg = Release|Any CPU
		{1A6C5273-4E2B-47AA-BA4E-A7E325CC89D6}.Release|Any CPU.Build.0 = Release|Any CPU
		{95819144-9530-4A4B-A1E1-F2FE959EB326}.Debug|Any CPU.ActiveCfg = Debug|Any CPU
		{95819144-9530-4A4B-A1E1-F2FE959EB326}.Debug|Any CPU.Build.0 = Debug|Any CPU
		{95819144-9530-4A4B-A1E1-F2FE959EB326}.Release|Any CPU.ActiveCfg = Release|Any CPU
		{95819144-9530-4A4B-A1E1-F2FE959EB326}.Release|Any CPU.Build.0 = Release|Any CPU
		{8B496B6B-B619-4E77-B820-16E4985B572D}.Debug|Any CPU.ActiveCfg = Debug|Any CPU
		{8B496B6B-B619-4E77-B820-16E4985B572D}.Debug|Any CPU.Build.0 = Debug|Any CPU
		{8B496B6B-B619-4E77-B820-16E4985B572D}.Release|Any CPU.ActiveCfg = Release|Any CPU
		{8B496B6B-B619-4E77-B820-16E4985B572D}.Release|Any CPU.Build.0 = Release|Any CPU
		{563A9614-96D5-4312-A084-A98E8DC61226}.Debug|Any CPU.ActiveCfg = Debug|Any CPU
		{563A9614-96D5-4312-A084-A98E8DC61226}.Debug|Any CPU.Build.0 = Debug|Any CPU
		{563A9614-96D5-4312-A084-A98E8DC61226}.Release|Any CPU.ActiveCfg = Release|Any CPU
		{563A9614-96D5-4312-A084-A98E8DC61226}.Release|Any CPU.Build.0 = Release|Any CPU
		{FA84EAA9-577A-43B2-BAAC-E83FDFF7D4B4}.Debug|Any CPU.ActiveCfg = Debug|Any CPU
		{FA84EAA9-577A-43B2-BAAC-E83FDFF7D4B4}.Debug|Any CPU.Build.0 = Debug|Any CPU
		{FA84EAA9-577A-43B2-BAAC-E83FDFF7D4B4}.Release|Any CPU.ActiveCfg = Release|Any CPU
		{FA84EAA9-577A-43B2-BAAC-E83FDFF7D4B4}.Release|Any CPU.Build.0 = Release|Any CPU
	EndGlobalSection
	GlobalSection(SolutionProperties) = preSolution
		HideSolutionNode = FALSE
	EndGlobalSection
	GlobalSection(NestedProjects) = preSolution
		{B32289DF-966F-4C90-8ABF-9B59BA4C6B7E} = {CEE122D9-BB30-4E3C-9C27-58CE9630B948}
		{3888D435-5465-40BF-86E8-A38B4CC1C54A} = {DC33EDC6-8A03-44EA-B99F-6150EA0A9E01}
		{D1D4C644-A1AD-4DEC-8466-06EDF3088315} = {CEE122D9-BB30-4E3C-9C27-58CE9630B948}
		{1A6C5273-4E2B-47AA-BA4E-A7E325CC89D6} = {89468B83-4426-4320-9E08-4989183BC9AB}
		{95819144-9530-4A4B-A1E1-F2FE959EB326} = {89468B83-4426-4320-9E08-4989183BC9AB}
		{580FAC19-36B0-4968-B810-7BAFE695CC52} = {B625C77C-A07C-4D1A-97F9-1242E61C1A5E}
		{8B496B6B-B619-4E77-B820-16E4985B572D} = {580FAC19-36B0-4968-B810-7BAFE695CC52}
		{563A9614-96D5-4312-A084-A98E8DC61226} = {F8C9655D-8F17-49D2-83A3-4C695A39DDDD}
		{89468B83-4426-4320-9E08-4989183BC9AB} = {B625C77C-A07C-4D1A-97F9-1242E61C1A5E}
		{FA84EAA9-577A-43B2-BAAC-E83FDFF7D4B4} = {580FAC19-36B0-4968-B810-7BAFE695CC52}
	EndGlobalSection
	GlobalSection(ExtensibilityGlobals) = postSolution
		SolutionGuid = {84CE8F00-F70F-4DF7-82E5-243C4EC25219}
	EndGlobalSection
EndGlobal
